
Microsoft Visual Studio Solution File, Format Version 12.00
# Visual Studio Version 16
VisualStudioVersion = 16.0.30204.135
MinimumVisualStudioVersion = 10.0.40219.1
Project("{9A19103F-16F7-4668-BE54-9A1E7A4F7556}") = "Aad.Ng.Api", "Aad.Ng.Api.csproj", "{AE0A854F-F2EB-41C7-AF31-76E4A501E01C}"
EndProject
Global
	GlobalSection(SolutionConfigurationPlatforms) = preSolution
		Debug|Any CPU = Debug|Any CPU
		Release|Any CPU = Release|Any CPU
	EndGlobalSection
	GlobalSection(ProjectConfigurationPlatforms) = postSolution
		{AE0A854F-F2EB-41C7-AF31-76E4A501E01C}.Debug|Any CPU.ActiveCfg = Debug|Any CPU
		{AE0A854F-F2EB-41C7-AF31-76E4A501E01C}.Debug|Any CPU.Build.0 = Debug|Any CPU
		{AE0A854F-F2EB-41C7-AF31-76E4A501E01C}.Release|Any CPU.ActiveCfg = Release|Any CPU
		{AE0A854F-F2EB-41C7-AF31-76E4A501E01C}.Release|Any CPU.Build.0 = Release|Any CPU
	EndGlobalSection
	GlobalSection(SolutionProperties) = preSolution
		HideSolutionNode = FALSE
	EndGlobalSection
	GlobalSection(ExtensibilityGlobals) = postSolution
		SolutionGuid = {BBA9C3B3-CCF6-4593-93AF-BC415EE91F56}
	EndGlobalSection
EndGlobal
